# This file is automatically @generated by Cargo.
# It is not intended for manual editing.
version = 3

[[package]]
name = "gccjit"
version = "2.1.0"
source = "registry+https://github.com/rust-lang/crates.io-index"
checksum = "62e0ba949ebee07c5cc21f02cb48f28f2c8db7fcbc15fdc5120476a6c43b4636"
dependencies = [
 "gccjit_sys",
]

[[package]]
name = "gccjit_sys"
version = "0.2.0"
source = "registry+https://github.com/rust-lang/crates.io-index"
checksum = "a5bbf85e12c2593772329a9d4e8310271f6706e6045ce4f41b041dd34fba6603"
dependencies = [
 "libc",
]

[[package]]
name = "libc"
version = "0.2.158"
source = "registry+https://github.com/rust-lang/crates.io-index"
checksum = "d8adc4bb1803a324070e64a98ae98f38934d91957a99cfb3a43dcbc01bc56439"

[[package]]
name = "qol"
version = "0.1.0"
dependencies = [
 "gccjit",
]
